
Microsoft Visual Studio Solution File, Format Version 12.00
# Visual Studio 15
VisualStudioVersion = 15.0.28307.271
MinimumVisualStudioVersion = 10.0.40219.1
Project("{FAE04EC0-301F-11D3-BF4B-00C04F79EFBC}") = "BloodTrace.Android", "BloodTrace\BloodTrace.Android\BloodTrace.Android.csproj", "{4D6989D4-FF4C-4FC4-A78F-C37894E0AF43}"
EndProject
Project("{FAE04EC0-301F-11D3-BF4B-00C04F79EFBC}") = "BloodTrace.iOS", "BloodTrace\BloodTrace.iOS\BloodTrace.iOS.csproj", "{1B520F80-FBF8-4B30-9C7A-2BB06AF50187}"
EndProject
Project("{FAE04EC0-301F-11D3-BF4B-00C04F79EFBC}") = "BloodTrace", "BloodTrace\BloodTrace\BloodTrace.csproj", "{C78EBD04-0F5F-4E6F-B74A-08FAF55972CB}"
EndProject
Global
	GlobalSection(SolutionConfigurationPlatforms) = preSolution
		Ad-Hoc|Any CPU = Ad-Hoc|Any CPU
		Ad-Hoc|iPhone = Ad-Hoc|iPhone
		Ad-Hoc|iPhoneSimulator = Ad-Hoc|iPhoneSimulator
		AppStore|Any CPU = AppStore|Any CPU
		AppStore|iPhone = AppStore|iPhone
		AppStore|iPhoneSimulator = AppStore|iPhoneSimulator
		Debug|Any CPU = Debug|Any CPU
		Debug|iPhone = Debug|iPhone
		Debug|iPhoneSimulator = Debug|iPhoneSimulator
		Release|Any CPU = Release|Any CPU
		Release|iPhone = Release|iPhone
		Release|iPhoneSimulator = Release|iPhoneSimulator
	EndGlobalSection
	GlobalSection(ProjectConfigurationPlatforms) = postSolution
		{4D6989D4-FF4C-4FC4-A78F-C37894E0AF43}.Ad-Hoc|Any CPU.ActiveCfg = Release|Any CPU
		{4D6989D4-FF4C-4FC4-A78F-C37894E0AF43}.Ad-Hoc|Any CPU.Build.0 = Release|Any CPU
		{4D6989D4-FF4C-4FC4-A78F-C37894E0AF43}.Ad-Hoc|Any CPU.Deploy.0 = Release|Any CPU
		{4D6989D4-FF4C-4FC4-A78F-C37894E0AF43}.Ad-Hoc|iPhone.ActiveCfg = Release|Any CPU
		{4D6989D4-FF4C-4FC4-A78F-C37894E0AF43}.Ad-Hoc|iPhone.Build.0 = Release|Any CPU
		{4D6989D4-FF4C-4FC4-A78F-C37894E0AF43}.Ad-Hoc|iPhone.Deploy.0 = Release|Any CPU
		{4D6989D4-FF4C-4FC4-A78F-C37894E0AF43}.Ad-Hoc|iPhoneSimulator.ActiveCfg = Release|Any CPU
		{4D6989D4-FF4C-4FC4-A78F-C37894E0AF43}.Ad-Hoc|iPhoneSimulator.Build.0 = Release|Any CPU
		{4D6989D4-FF4C-4FC4-A78F-C37894E0AF43}.Ad-Hoc|iPhoneSimulator.Deploy.0 = Release|Any CPU
		{4D6989D4-FF4C-4FC4-A78F-C37894E0AF43}.AppStore|Any CPU.ActiveCfg = Release|Any CPU
		{4D6989D4-FF4C-4FC4-A78F-C37894E0AF43}.AppStore|Any CPU.Build.0 = Release|Any CPU
		{4D6989D4-FF4C-4FC4-A78F-C37894E0AF43}.AppStore|Any CPU.Deploy.0 = Release|Any CPU
		{4D6989D4-FF4C-4FC4-A78F-C37894E0AF43}.AppStore|iPhone.ActiveCfg = Release|Any CPU
		{4D6989D4-FF4C-4FC4-A78F-C37894E0AF43}.AppStore|iPhone.Build.0 = Release|Any CPU
		{4D6989D4-FF4C-4FC4-A78F-C37894E0AF43}.AppStore|iPhone.Deploy.0 = Release|Any CPU
		{4D6989D4-FF4C-4FC4-A78F-C37894E0AF43}.AppStore|iPhoneSimulator.ActiveCfg = Release|Any CPU
		{4D6989D4-FF4C-4FC4-A78F-C37894E0AF43}.AppStore|iPhoneSimulator.Build.0 = Release|Any CPU
		{4D6989D4-FF4C-4FC4-A78F-C37894E0AF43}.AppStore|iPhoneSimulator.Deploy.0 = Release|Any CPU
		{4D6989D4-FF4C-4FC4-A78F-C37894E0AF43}.Debug|Any CPU.ActiveCfg = Debug|Any CPU
		{4D6989D4-FF4C-4FC4-A78F-C37894E0AF43}.Debug|Any CPU.Build.0 = Debug|Any CPU
		{4D6989D4-FF4C-4FC4-A78F-C37894E0AF43}.Debug|Any CPU.Deploy.0 = Debug|Any CPU
		{4D6989D4-FF4C-4FC4-A78F-C37894E0AF43}.Debug|iPhone.ActiveCfg = Debug|Any CPU
		{4D6989D4-FF4C-4FC4-A78F-C37894E0AF43}.Debug|iPhone.Build.0 = Debug|Any CPU
		{4D6989D4-FF4C-4FC4-A78F-C37894E0AF43}.Debug|iPhone.Deploy.0 = Debug|Any CPU
		{4D6989D4-FF4C-4FC4-A78F-C37894E0AF43}.Debug|iPhoneSimulator.ActiveCfg = Debug|Any CPU
		{4D6989D4-FF4C-4FC4-A78F-C37894E0AF43}.Debug|iPhoneSimulator.Build.0 = Debug|Any CPU
		{4D6989D4-FF4C-4FC4-A78F-C37894E0AF43}.Debug|iPhoneSimulator.Deploy.0 = Debug|Any CPU
		{4D6989D4-FF4C-4FC4-A78F-C37894E0AF43}.Release|Any CPU.ActiveCfg = Release|Any CPU
		{4D6989D4-FF4C-4FC4-A78F-C37894E0AF43}.Release|Any CPU.Build.0 = Release|Any CPU
		{4D6989D4-FF4C-4FC4-A78F-C37894E0AF43}.Release|Any CPU.Deploy.0 = Release|Any CPU
		{4D6989D4-FF4C-4FC4-A78F-C37894E0AF43}.Release|iPhone.ActiveCfg = Release|Any CPU
		{4D6989D4-FF4C-4FC4-A78F-C37894E0AF43}.Release|iPhone.Build.0 = Release|Any CPU
		{4D6989D4-FF4C-4FC4-A78F-C37894E0AF43}.Release|iPhone.Deploy.0 = Release|Any CPU
		{4D6989D4-FF4C-4FC4-A78F-C37894E0AF43}.Release|iPhoneSimulator.ActiveCfg = Release|Any CPU
		{4D6989D4-FF4C-4FC4-A78F-C37894E0AF43}.Release|iPhoneSimulator.Build.0 = Release|Any CPU
		{4D6989D4-FF4C-4FC4-A78F-C37894E0AF43}.Release|iPhoneSimulator.Deploy.0 = Release|Any CPU
		{1B520F80-FBF8-4B30-9C7A-2BB06AF50187}.Ad-Hoc|Any CPU.ActiveCfg = Ad-Hoc|iPhone
		{1B520F80-FBF8-4B30-9C7A-2BB06AF50187}.Ad-Hoc|Any CPU.Build.0 = Ad-Hoc|iPhone
		{1B520F80-FBF8-4B30-9C7A-2BB06AF50187}.Ad-Hoc|Any CPU.Deploy.0 = Ad-Hoc|iPhone
		{1B520F80-FBF8-4B30-9C7A-2BB06AF50187}.Ad-Hoc|iPhone.ActiveCfg = Ad-Hoc|iPhone
		{1B520F80-FBF8-4B30-9C7A-2BB06AF50187}.Ad-Hoc|iPhone.Build.0 = Ad-Hoc|iPhone
		{1B520F80-FBF8-4B30-9C7A-2BB06AF50187}.Ad-Hoc|iPhone.Deploy.0 = Ad-Hoc|iPhone
		{1B520F80-FBF8-4B30-9C7A-2BB06AF50187}.Ad-Hoc|iPhoneSimulator.ActiveCfg = Ad-Hoc|iPhoneSimulator
		{1B520F80-FBF8-4B30-9C7A-2BB06AF50187}.Ad-Hoc|iPhoneSimulator.Build.0 = Ad-Hoc|iPhoneSimulator
		{1B520F80-FBF8-4B30-9C7A-2BB06AF50187}.Ad-Hoc|iPhoneSimulator.Deploy.0 = Ad-Hoc|iPhoneSimulator
		{1B520F80-FBF8-4B30-9C7A-2BB06AF50187}.AppStore|Any CPU.ActiveCfg = AppStore|iPhone
		{1B520F80-FBF8-4B30-9C7A-2BB06AF50187}.AppStore|Any CPU.Build.0 = AppStore|iPhone
		{1B520F80-FBF8-4B30-9C7A-2BB06AF50187}.AppStore|Any CPU.Deploy.0 = AppStore|iPhone
		{1B520F80-FBF8-4B30-9C7A-2BB06AF50187}.AppStore|iPhone.ActiveCfg = AppStore|iPhone
		{1B520F80-FBF8-4B30-9C7A-2BB06AF50187}.AppStore|iPhone.Build.0 = AppStore|iPhone
		{1B520F80-FBF8-4B30-9C7A-2BB06AF50187}.AppStore|iPhone.Deploy.0 = AppStore|iPhone
		{1B520F80-FBF8-4B30-9C7A-2BB06AF50187}.AppStore|iPhoneSimulator.ActiveCfg = AppStore|iPhoneSimulator
		{1B520F80-FBF8-4B30-9C7A-2BB06AF50187}.AppStore|iPhoneSimulator.Build.0 = AppStore|iPhoneSimulator
		{1B520F80-FBF8-4B30-9C7A-2BB06AF50187}.AppStore|iPhoneSimulator.Deploy.0 = AppStore|iPhoneSimulator
		{1B520F80-FBF8-4B30-9C7A-2BB06AF50187}.Debug|Any CPU.ActiveCfg = Debug|iPhoneSimulator
		{1B520F80-FBF8-4B30-9C7A-2BB06AF50187}.Debug|Any CPU.Build.0 = Debug|iPhoneSimulator
		{1B520F80-FBF8-4B30-9C7A-2BB06AF50187}.Debug|Any CPU.Deploy.0 = Debug|iPhoneSimulator
		{1B520F80-FBF8-4B30-9C7A-2BB06AF50187}.Debug|iPhone.ActiveCfg = Debug|iPhone
		{1B520F80-FBF8-4B30-9C7A-2BB06AF50187}.Debug|iPhone.Build.0 = Debug|iPhone
		{1B520F80-FBF8-4B30-9C7A-2BB06AF50187}.Debug|iPhone.Deploy.0 = Debug|iPhone
		{1B520F80-FBF8-4B30-9C7A-2BB06AF50187}.Debug|iPhoneSimulator.ActiveCfg = Debug|iPhoneSimulator
		{1B520F80-FBF8-4B30-9C7A-2BB06AF50187}.Debug|iPhoneSimulator.Build.0 = Debug|iPhoneSimulator
		{1B520F80-FBF8-4B30-9C7A-2BB06AF50187}.Debug|iPhoneSimulator.Deploy.0 = Debug|iPhoneSimulator
		{1B520F80-FBF8-4B30-9C7A-2BB06AF50187}.Release|Any CPU.ActiveCfg = Release|iPhone
		{1B520F80-FBF8-4B30-9C7A-2BB06AF50187}.Release|Any CPU.Build.0 = Release|iPhone
		{1B520F80-FBF8-4B30-9C7A-2BB06AF50187}.Release|Any CPU.Deploy.0 = Release|iPhone
		{1B520F80-FBF8-4B30-9C7A-2BB06AF50187}.Release|iPhone.ActiveCfg = Release|iPhone
		{1B520F80-FBF8-4B30-9C7A-2BB06AF50187}.Release|iPhone.Build.0 = Release|iPhone
		{1B520F80-FBF8-4B30-9C7A-2BB06AF50187}.Release|iPhone.Deploy.0 = Release|iPhone
		{1B520F80-FBF8-4B30-9C7A-2BB06AF50187}.Release|iPhoneSimulator.ActiveCfg = Release|iPhoneSimulator
		{1B520F80-FBF8-4B30-9C7A-2BB06AF50187}.Release|iPhoneSimulator.Build.0 = Release|iPhoneSimulator
		{1B520F80-FBF8-4B30-9C7A-2BB06AF50187}.Release|iPhoneSimulator.Deploy.0 = Release|iPhoneSimulator
		{C78EBD04-0F5F-4E6F-B74A-08FAF55972CB}.Ad-Hoc|Any CPU.ActiveCfg = Debug|Any CPU
		{C78EBD04-0F5F-4E6F-B74A-08FAF55972CB}.Ad-Hoc|Any CPU.Build.0 = Debug|Any CPU
		{C78EBD04-0F5F-4E6F-B74A-08FAF55972CB}.Ad-Hoc|Any CPU.Deploy.0 = Debug|Any CPU
		{C78EBD04-0F5F-4E6F-B74A-08FAF55972CB}.Ad-Hoc|iPhone.ActiveCfg = Debug|Any CPU
		{C78EBD04-0F5F-4E6F-B74A-08FAF55972CB}.Ad-Hoc|iPhone.Build.0 = Debug|Any CPU
		{C78EBD04-0F5F-4E6F-B74A-08FAF55972CB}.Ad-Hoc|iPhone.Deploy.0 = Debug|Any CPU
		{C78EBD04-0F5F-4E6F-B74A-08FAF55972CB}.Ad-Hoc|iPhoneSimulator.ActiveCfg = Debug|Any CPU
		{C78EBD04-0F5F-4E6F-B74A-08FAF55972CB}.Ad-Hoc|iPhoneSimulator.Build.0 = Debug|Any CPU
		{C78EBD04-0F5F-4E6F-B74A-08FAF55972CB}.Ad-Hoc|iPhoneSimulator.Deploy.0 = Debug|Any CPU
		{C78EBD04-0F5F-4E6F-B74A-08FAF55972CB}.AppStore|Any CPU.ActiveCfg = Debug|Any CPU
		{C78EBD04-0F5F-4E6F-B74A-08FAF55972CB}.AppStore|Any CPU.Build.0 = Debug|Any CPU
		{C78EBD04-0F5F-4E6F-B74A-08FAF55972CB}.AppStore|Any CPU.Deploy.0 = Debug|Any CPU
		{C78EBD04-0F5F-4E6F-B74A-08FAF55972CB}.AppStore|iPhone.ActiveCfg = Debug|Any CPU
		{C78EBD04-0F5F-4E6F-B74A-08FAF55972CB}.AppStore|iPhone.Build.0 = Debug|Any CPU
		{C78EBD04-0F5F-4E6F-B74A-08FAF55972CB}.AppStore|iPhone.Deploy.0 = Debug|Any CPU
		{C78EBD04-0F5F-4E6F-B74A-08FAF55972CB}.AppStore|iPhoneSimulator.ActiveCfg = Debug|Any CPU
		{C78EBD04-0F5F-4E6F-B74A-08FAF55972CB}.AppStore|iPhoneSimulator.Build.0 = Debug|Any CPU
		{C78EBD04-0F5F-4E6F-B74A-08FAF55972CB}.AppStore|iPhoneSimulator.Deploy.0 = Debug|Any CPU
		{C78EBD04-0F5F-4E6F-B74A-08FAF55972CB}.Debug|Any CPU.ActiveCfg = Debug|Any CPU
		{C78EBD04-0F5F-4E6F-B74A-08FAF55972CB}.Debug|Any CPU.Build.0 = Debug|Any CPU
		{C78EBD04-0F5F-4E6F-B74A-08FAF55972CB}.Debug|Any CPU.Deploy.0 = Debug|Any CPU
		{C78EBD04-0F5F-4E6F-B74A-08FAF55972CB}.Debug|iPhone.ActiveCfg = Debug|Any CPU
		{C78EBD04-0F5F-4E6F-B74A-08FAF55972CB}.Debug|iPhone.Build.0 = Debug|Any CPU
		{C78EBD04-0F5F-4E6F-B74A-08FAF55972CB}.Debug|iPhone.Deploy.0 = Debug|Any CPU
		{C78EBD04-0F5F-4E6F-B74A-08FAF55972CB}.Debug|iPhoneSimulator.ActiveCfg = Debug|Any CPU
		{C78EBD04-0F5F-4E6F-B74A-08FAF55972CB}.Debug|iPhoneSimulator.Build.0 = Debug|Any CPU
		{C78EBD04-0F5F-4E6F-B74A-08FAF55972CB}.Debug|iPhoneSimulator.Deploy.0 = Debug|Any CPU
		{C78EBD04-0F5F-4E6F-B74A-08FAF55972CB}.Release|Any CPU.ActiveCfg = Release|Any CPU
		{C78EBD04-0F5F-4E6F-B74A-08FAF55972CB}.Release|Any CPU.Build.0 = Release|Any CPU
		{C78EBD04-0F5F-4E6F-B74A-08FAF55972CB}.Release|Any CPU.Deploy.0 = Release|Any CPU
		{C78EBD04-0F5F-4E6F-B74A-08FAF55972CB}.Release|iPhone.ActiveCfg = Release|Any CPU
		{C78EBD04-0F5F-4E6F-B74A-08FAF55972CB}.Release|iPhone.Build.0 = Release|Any CPU
		{C78EBD04-0F5F-4E6F-B74A-08FAF55972CB}.Release|iPhone.Deploy.0 = Release|Any CPU
		{C78EBD04-0F5F-4E6F-B74A-08FAF55972CB}.Release|iPhoneSimulator.ActiveCfg = Release|Any CPU
		{C78EBD04-0F5F-4E6F-B74A-08FAF55972CB}.Release|iPhoneSimulator.Build.0 = Release|Any CPU
		{C78EBD04-0F5F-4E6F-B74A-08FAF55972CB}.Release|iPhoneSimulator.Deploy.0 = Release|Any CPU
	EndGlobalSection
	GlobalSection(SolutionProperties) = preSolution
		HideSolutionNode = FALSE
	EndGlobalSection
	GlobalSection(ExtensibilityGlobals) = postSolution
		SolutionGuid = {0915EA11-1769-4C31-9C7B-4D5D84C783B4}
	EndGlobalSection
EndGlobal
